
Microsoft Visual Studio Solution File, Format Version 12.00
# Visual Studio 14
VisualStudioVersion = 14.0.25420.1
MinimumVisualStudioVersion = 10.0.40219.1
Project("{FAE04EC0-301F-11D3-BF4B-00C04F79EFBC}") = "WeatherApp", "WeatherApp\WeatherApp\WeatherApp.csproj", "{E4A4FA1C-FE31-42A0-B120-D4D086D68352}"
EndProject
Project("{FAE04EC0-301F-11D3-BF4B-00C04F79EFBC}") = "WeatherApp.Droid", "WeatherApp\WeatherApp.Droid\WeatherApp.Droid.csproj", "{1FC2A115-67CE-4FA5-AA6C-961016516277}"
EndProject
Project("{FAE04EC0-301F-11D3-BF4B-00C04F79EFBC}") = "WeatherApp.iOS", "WeatherApp\WeatherApp.iOS\WeatherApp.iOS.csproj", "{8B8771BF-797B-4284-8144-25760438BEE1}"
EndProject
Project("{FAE04EC0-301F-11D3-BF4B-00C04F79EFBC}") = "WeatherApp.WinPhone", "WeatherApp\WeatherApp.WinPhone\WeatherApp.WinPhone.csproj", "{00C440D3-4CE1-4D01-8763-F4EA3AE1E399}"
EndProject
Project("{FAE04EC0-301F-11D3-BF4B-00C04F79EFBC}") = "WeatherApp.UWP", "WeatherApp\WeatherApp.UWP\WeatherApp.UWP.csproj", "{E73B2682-B663-4E28-A8D9-627AB0487602}"
EndProject
Project("{FAE04EC0-301F-11D3-BF4B-00C04F79EFBC}") = "WeatherApp.Windows", "WeatherApp\WeatherApp.Windows\WeatherApp.Windows.csproj", "{B19DFA07-724C-4E15-8680-ECC54B2786A1}"
EndProject
Global
	GlobalSection(SolutionConfigurationPlatforms) = preSolution
		Ad-Hoc|Any CPU = Ad-Hoc|Any CPU
		Ad-Hoc|ARM = Ad-Hoc|ARM
		Ad-Hoc|iPhone = Ad-Hoc|iPhone
		Ad-Hoc|iPhoneSimulator = Ad-Hoc|iPhoneSimulator
		Ad-Hoc|x64 = Ad-Hoc|x64
		Ad-Hoc|x86 = Ad-Hoc|x86
		AppStore|Any CPU = AppStore|Any CPU
		AppStore|ARM = AppStore|ARM
		AppStore|iPhone = AppStore|iPhone
		AppStore|iPhoneSimulator = AppStore|iPhoneSimulator
		AppStore|x64 = AppStore|x64
		AppStore|x86 = AppStore|x86
		Debug|Any CPU = Debug|Any CPU
		Debug|ARM = Debug|ARM
		Debug|iPhone = Debug|iPhone
		Debug|iPhoneSimulator = Debug|iPhoneSimulator
		Debug|x64 = Debug|x64
		Debug|x86 = Debug|x86
		Release|Any CPU = Release|Any CPU
		Release|ARM = Release|ARM
		Release|iPhone = Release|iPhone
		Release|iPhoneSimulator = Release|iPhoneSimulator
		Release|x64 = Release|x64
		Release|x86 = Release|x86
	EndGlobalSection
	GlobalSection(ProjectConfigurationPlatforms) = postSolution
		{E4A4FA1C-FE31-42A0-B120-D4D086D68352}.Ad-Hoc|Any CPU.ActiveCfg = Release|Any CPU
		{E4A4FA1C-FE31-42A0-B120-D4D086D68352}.Ad-Hoc|Any CPU.Build.0 = Release|Any CPU
		{E4A4FA1C-FE31-42A0-B120-D4D086D68352}.Ad-Hoc|ARM.ActiveCfg = Release|Any CPU
		{E4A4FA1C-FE31-42A0-B120-D4D086D68352}.Ad-Hoc|ARM.Build.0 = Release|Any CPU
		{E4A4FA1C-FE31-42A0-B120-D4D086D68352}.Ad-Hoc|iPhone.ActiveCfg = Release|Any CPU
		{E4A4FA1C-FE31-42A0-B120-D4D086D68352}.Ad-Hoc|iPhone.Build.0 = Release|Any CPU
		{E4A4FA1C-FE31-42A0-B120-D4D086D68352}.Ad-Hoc|iPhoneSimulator.ActiveCfg = Release|Any CPU
		{E4A4FA1C-FE31-42A0-B120-D4D086D68352}.Ad-Hoc|iPhoneSimulator.Build.0 = Release|Any CPU
		{E4A4FA1C-FE31-42A0-B120-D4D086D68352}.Ad-Hoc|x64.ActiveCfg = Release|Any CPU
		{E4A4FA1C-FE31-42A0-B120-D4D086D68352}.Ad-Hoc|x64.Build.0 = Release|Any CPU
		{E4A4FA1C-FE31-42A0-B120-D4D086D68352}.Ad-Hoc|x86.ActiveCfg = Release|Any CPU
		{E4A4FA1C-FE31-42A0-B120-D4D086D68352}.Ad-Hoc|x86.Build.0 = Release|Any CPU
		{E4A4FA1C-FE31-42A0-B120-D4D086D68352}.AppStore|Any CPU.ActiveCfg = Release|Any CPU
		{E4A4FA1C-FE31-42A0-B120-D4D086D68352}.AppStore|Any CPU.Build.0 = Release|Any CPU
		{E4A4FA1C-FE31-42A0-B120-D4D086D68352}.AppStore|ARM.ActiveCfg = Release|Any CPU
		{E4A4FA1C-FE31-42A0-B120-D4D086D68352}.AppStore|ARM.Build.0 = Release|Any CPU
		{E4A4FA1C-FE31-42A0-B120-D4D086D68352}.AppStore|iPhone.ActiveCfg = Release|Any CPU
		{E4A4FA1C-FE31-42A0-B120-D4D086D68352}.AppStore|iPhone.Build.0 = Release|Any CPU
		{E4A4FA1C-FE31-42A0-B120-D4D086D68352}.AppStore|iPhoneSimulator.ActiveCfg = Release|Any CPU
		{E4A4FA1C-FE31-42A0-B120-D4D086D68352}.AppStore|iPhoneSimulator.Build.0 = Release|Any CPU
		{E4A4FA1C-FE31-42A0-B120-D4D086D68352}.AppStore|x64.ActiveCfg = Release|Any CPU
		{E4A4FA1C-FE31-42A0-B120-D4D086D68352}.AppStore|x64.Build.0 = Release|Any CPU
		{E4A4FA1C-FE31-42A0-B120-D4D086D68352}.AppStore|x86.ActiveCfg = Release|Any CPU
		{E4A4FA1C-FE31-42A0-B120-D4D086D68352}.AppStore|x86.Build.0 = Release|Any CPU
		{E4A4FA1C-FE31-42A0-B120-D4D086D68352}.Debug|Any CPU.ActiveCfg = Debug|Any CPU
		{E4A4FA1C-FE31-42A0-B120-D4D086D68352}.Debug|Any CPU.Build.0 = Debug|Any CPU
		{E4A4FA1C-FE31-42A0-B120-D4D086D68352}.Debug|ARM.ActiveCfg = Debug|Any CPU
		{E4A4FA1C-FE31-42A0-B120-D4D086D68352}.Debug|ARM.Build.0 = Debug|Any CPU
		{E4A4FA1C-FE31-42A0-B120-D4D086D68352}.Debug|iPhone.ActiveCfg = Debug|Any CPU
		{E4A4FA1C-FE31-42A0-B120-D4D086D68352}.Debug|iPhone.Build.0 = Debug|Any CPU
		{E4A4FA1C-FE31-42A0-B120-D4D086D68352}.Debug|iPhoneSimulator.ActiveCfg = Debug|Any CPU
		{E4A4FA1C-FE31-42A0-B120-D4D086D68352}.Debug|iPhoneSimulator.Build.0 = Debug|Any CPU
		{E4A4FA1C-FE31-42A0-B120-D4D086D68352}.Debug|x64.ActiveCfg = Debug|Any CPU
		{E4A4FA1C-FE31-42A0-B120-D4D086D68352}.Debug|x64.Build.0 = Debug|Any CPU
		{E4A4FA1C-FE31-42A0-B120-D4D086D68352}.Debug|x86.ActiveCfg = Debug|Any CPU
		{E4A4FA1C-FE31-42A0-B120-D4D086D68352}.Debug|x86.Build.0 = Debug|Any CPU
		{E4A4FA1C-FE31-42A0-B120-D4D086D68352}.Release|Any CPU.ActiveCfg = Release|Any CPU
		{E4A4FA1C-FE31-42A0-B120-D4D086D68352}.Release|Any CPU.Build.0 = Release|Any CPU
		{E4A4FA1C-FE31-42A0-B120-D4D086D68352}.Release|ARM.ActiveCfg = Release|Any CPU
		{E4A4FA1C-FE31-42A0-B120-D4D086D68352}.Release|ARM.Build.0 = Release|Any CPU
		{E4A4FA1C-FE31-42A0-B120-D4D086D68352}.Release|iPhone.ActiveCfg = Release|Any CPU
		{E4A4FA1C-FE31-42A0-B120-D4D086D68352}.Release|iPhone.Build.0 = Release|Any CPU
		{E4A4FA1C-FE31-42A0-B120-D4D086D68352}.Release|iPhoneSimulator.ActiveCfg = Release|Any CPU
		{E4A4FA1C-FE31-42A0-B120-D4D086D68352}.Release|iPhoneSimulator.Build.0 = Release|Any CPU
		{E4A4FA1C-FE31-42A0-B120-D4D086D68352}.Release|x64.ActiveCfg = Release|Any CPU
		{E4A4FA1C-FE31-42A0-B120-D4D086D68352}.Release|x64.Build.0 = Release|Any CPU
		{E4A4FA1C-FE31-42A0-B120-D4D086D68352}.Release|x86.ActiveCfg = Release|Any CPU
		{E4A4FA1C-FE31-42A0-B120-D4D086D68352}.Release|x86.Build.0 = Release|Any CPU
		{1FC2A115-67CE-4FA5-AA6C-961016516277}.Ad-Hoc|Any CPU.ActiveCfg = Release|Any CPU
		{1FC2A115-67CE-4FA5-AA6C-961016516277}.Ad-Hoc|Any CPU.Build.0 = Release|Any CPU
		{1FC2A115-67CE-4FA5-AA6C-961016516277}.Ad-Hoc|Any CPU.Deploy.0 = Release|Any CPU
		{1FC2A115-67CE-4FA5-AA6C-961016516277}.Ad-Hoc|ARM.ActiveCfg = Release|Any CPU
		{1FC2A115-67CE-4FA5-AA6C-961016516277}.Ad-Hoc|ARM.Build.0 = Release|Any CPU
		{1FC2A115-67CE-4FA5-AA6C-961016516277}.Ad-Hoc|ARM.Deploy.0 = Release|Any CPU
		{1FC2A115-67CE-4FA5-AA6C-961016516277}.Ad-Hoc|iPhone.ActiveCfg = Release|Any CPU
		{1FC2A115-67CE-4FA5-AA6C-961016516277}.Ad-Hoc|iPhone.Build.0 = Release|Any CPU
		{1FC2A115-67CE-4FA5-AA6C-961016516277}.Ad-Hoc|iPhone.Deploy.0 = Release|Any CPU
		{1FC2A115-67CE-4FA5-AA6C-961016516277}.Ad-Hoc|iPhoneSimulator.ActiveCfg = Release|Any CPU
		{1FC2A115-67CE-4FA5-AA6C-961016516277}.Ad-Hoc|iPhoneSimulator.Build.0 = Release|Any CPU
		{1FC2A115-67CE-4FA5-AA6C-961016516277}.Ad-Hoc|iPhoneSimulator.Deploy.0 = Release|Any CPU
		{1FC2A115-67CE-4FA5-AA6C-961016516277}.Ad-Hoc|x64.ActiveCfg = Release|Any CPU
		{1FC2A115-67CE-4FA5-AA6C-961016516277}.Ad-Hoc|x64.Build.0 = Release|Any CPU
		{1FC2A115-67CE-4FA5-AA6C-961016516277}.Ad-Hoc|x64.Deploy.0 = Release|Any CPU
		{1FC2A115-67CE-4FA5-AA6C-961016516277}.Ad-Hoc|x86.ActiveCfg = Release|Any CPU
		{1FC2A115-67CE-4FA5-AA6C-961016516277}.Ad-Hoc|x86.Build.0 = Release|Any CPU
		{1FC2A115-67CE-4FA5-AA6C-961016516277}.Ad-Hoc|x86.Deploy.0 = Release|Any CPU
		{1FC2A115-67CE-4FA5-AA6C-961016516277}.AppStore|Any CPU.ActiveCfg = Release|Any CPU
		{1FC2A115-67CE-4FA5-AA6C-961016516277}.AppStore|Any CPU.Build.0 = Release|Any CPU
		{1FC2A115-67CE-4FA5-AA6C-961016516277}.AppStore|Any CPU.Deploy.0 = Release|Any CPU
		{1FC2A115-67CE-4FA5-AA6C-961016516277}.AppStore|ARM.ActiveCfg = Release|Any CPU
		{1FC2A115-67CE-4FA5-AA6C-961016516277}.AppStore|ARM.Build.0 = Release|Any CPU
		{1FC2A115-67CE-4FA5-AA6C-961016516277}.AppStore|ARM.Deploy.0 = Release|Any CPU
		{1FC2A115-67CE-4FA5-AA6C-961016516277}.AppStore|iPhone.ActiveCfg = Release|Any CPU
		{1FC2A115-67CE-4FA5-AA6C-961016516277}.AppStore|iPhone.Build.0 = Release|Any CPU
		{1FC2A115-67CE-4FA5-AA6C-961016516277}.AppStore|iPhone.Deploy.0 = Release|Any CPU
		{1FC2A115-67CE-4FA5-AA6C-961016516277}.AppStore|iPhoneSimulator.ActiveCfg = Release|Any CPU
		{1FC2A115-67CE-4FA5-AA6C-961016516277}.AppStore|iPhoneSimulator.Build.0 = Release|Any CPU
		{1FC2A115-67CE-4FA5-AA6C-961016516277}.AppStore|iPhoneSimulator.Deploy.0 = Release|Any CPU
		{1FC2A115-67CE-4FA5-AA6C-961016516277}.AppStore|x64.ActiveCfg = Release|Any CPU
		{1FC2A115-67CE-4FA5-AA6C-961016516277}.AppStore|x64.Build.0 = Release|Any CPU
		{1FC2A115-67CE-4FA5-AA6C-961016516277}.AppStore|x64.Deploy.0 = Release|Any CPU
		{1FC2A115-67CE-4FA5-AA6C-961016516277}.AppStore|x86.ActiveCfg = Release|Any CPU
		{1FC2A115-67CE-4FA5-AA6C-961016516277}.AppStore|x86.Build.0 = Release|Any CPU
		{1FC2A115-67CE-4FA5-AA6C-961016516277}.AppStore|x86.Deploy.0 = Release|Any CPU
		{1FC2A115-67CE-4FA5-AA6C-961016516277}.Debug|Any CPU.ActiveCfg = Debug|Any CPU
		{1FC2A115-67CE-4FA5-AA6C-961016516277}.Debug|Any CPU.Build.0 = Debug|Any CPU
		{1FC2A115-67CE-4FA5-AA6C-961016516277}.Debug|Any CPU.Deploy.0 = Debug|Any CPU
		{1FC2A115-67CE-4FA5-AA6C-961016516277}.Debug|ARM.ActiveCfg = Debug|Any CPU
		{1FC2A115-67CE-4FA5-AA6C-961016516277}.Debug|ARM.Build.0 = Debug|Any CPU
		{1FC2A115-67CE-4FA5-AA6C-961016516277}.Debug|ARM.Deploy.0 = Debug|Any CPU
		{1FC2A115-67CE-4FA5-AA6C-961016516277}.Debug|iPhone.ActiveCfg = Debug|Any CPU
		{1FC2A115-67CE-4FA5-AA6C-961016516277}.Debug|iPhone.Build.0 = Debug|Any CPU
		{1FC2A115-67CE-4FA5-AA6C-961016516277}.Debug|iPhone.Deploy.0 = Debug|Any CPU
		{1FC2A115-67CE-4FA5-AA6C-961016516277}.Debug|iPhoneSimulator.ActiveCfg = Debug|Any CPU
		{1FC2A115-67CE-4FA5-AA6C-961016516277}.Debug|iPhoneSimulator.Build.0 = Debug|Any CPU
		{1FC2A115-67CE-4FA5-AA6C-961016516277}.Debug|iPhoneSimulator.Deploy.0 = Debug|Any CPU
		{1FC2A115-67CE-4FA5-AA6C-961016516277}.Debug|x64.ActiveCfg = Debug|Any CPU
		{1FC2A115-67CE-4FA5-AA6C-961016516277}.Debug|x64.Build.0 = Debug|Any CPU
		{1FC2A115-67CE-4FA5-AA6C-961016516277}.Debug|x64.Deploy.0 = Debug|Any CPU
		{1FC2A115-67CE-4FA5-AA6C-961016516277}.Debug|x86.ActiveCfg = Debug|Any CPU
		{1FC2A115-67CE-4FA5-AA6C-961016516277}.Debug|x86.Build.0 = Debug|Any CPU
		{1FC2A115-67CE-4FA5-AA6C-961016516277}.Debug|x86.Deploy.0 = Debug|Any CPU
		{1FC2A115-67CE-4FA5-AA6C-961016516277}.Release|Any CPU.ActiveCfg = Release|Any CPU
		{1FC2A115-67CE-4FA5-AA6C-961016516277}.Release|Any CPU.Build.0 = Release|Any CPU
		{1FC2A115-67CE-4FA5-AA6C-961016516277}.Release|Any CPU.Deploy.0 = Release|Any CPU
		{1FC2A115-67CE-4FA5-AA6C-961016516277}.Release|ARM.ActiveCfg = Release|Any CPU
		{1FC2A115-67CE-4FA5-AA6C-961016516277}.Release|ARM.Build.0 = Release|Any CPU
		{1FC2A115-67CE-4FA5-AA6C-961016516277}.Release|ARM.Deploy.0 = Release|Any CPU
		{1FC2A115-67CE-4FA5-AA6C-961016516277}.Release|iPhone.ActiveCfg = Release|Any CPU
		{1FC2A115-67CE-4FA5-AA6C-961016516277}.Release|iPhone.Build.0 = Release|Any CPU
		{1FC2A115-67CE-4FA5-AA6C-961016516277}.Release|iPhone.Deploy.0 = Release|Any CPU
		{1FC2A115-67CE-4FA5-AA6C-961016516277}.Release|iPhoneSimulator.ActiveCfg = Release|Any CPU
		{1FC2A115-67CE-4FA5-AA6C-961016516277}.Release|iPhoneSimulator.Build.0 = Release|Any CPU
		{1FC2A115-67CE-4FA5-AA6C-961016516277}.Release|iPhoneSimulator.Deploy.0 = Release|Any CPU
		{1FC2A115-67CE-4FA5-AA6C-961016516277}.Release|x64.ActiveCfg = Release|Any CPU
		{1FC2A115-67CE-4FA5-AA6C-961016516277}.Release|x64.Build.0 = Release|Any CPU
		{1FC2A115-67CE-4FA5-AA6C-961016516277}.Release|x64.Deploy.0 = Release|Any CPU
		{1FC2A115-67CE-4FA5-AA6C-961016516277}.Release|x86.ActiveCfg = Release|Any CPU
		{1FC2A115-67CE-4FA5-AA6C-961016516277}.Release|x86.Build.0 = Release|Any CPU
		{1FC2A115-67CE-4FA5-AA6C-961016516277}.Release|x86.Deploy.0 = Release|Any CPU
		{8B8771BF-797B-4284-8144-25760438BEE1}.Ad-Hoc|Any CPU.ActiveCfg = Ad-Hoc|iPhone
		{8B8771BF-797B-4284-8144-25760438BEE1}.Ad-Hoc|ARM.ActiveCfg = Ad-Hoc|iPhone
		{8B8771BF-797B-4284-8144-25760438BEE1}.Ad-Hoc|iPhone.ActiveCfg = Ad-Hoc|iPhone
		{8B8771BF-797B-4284-8144-25760438BEE1}.Ad-Hoc|iPhone.Build.0 = Ad-Hoc|iPhone
		{8B8771BF-797B-4284-8144-25760438BEE1}.Ad-Hoc|iPhoneSimulator.ActiveCfg = Ad-Hoc|iPhoneSimulator
		{8B8771BF-797B-4284-8144-25760438BEE1}.Ad-Hoc|iPhoneSimulator.Build.0 = Ad-Hoc|iPhoneSimulator
		{8B8771BF-797B-4284-8144-25760438BEE1}.Ad-Hoc|x64.ActiveCfg = Ad-Hoc|iPhone
		{8B8771BF-797B-4284-8144-25760438BEE1}.Ad-Hoc|x86.ActiveCfg = Ad-Hoc|iPhone
		{8B8771BF-797B-4284-8144-25760438BEE1}.AppStore|Any CPU.ActiveCfg = AppStore|iPhone
		{8B8771BF-797B-4284-8144-25760438BEE1}.AppStore|ARM.ActiveCfg = AppStore|iPhone
		{8B8771BF-797B-4284-8144-25760438BEE1}.AppStore|iPhone.ActiveCfg = AppStore|iPhone
		{8B8771BF-797B-4284-8144-25760438BEE1}.AppStore|iPhone.Build.0 = AppStore|iPhone
		{8B8771BF-797B-4284-8144-25760438BEE1}.AppStore|iPhoneSimulator.ActiveCfg = AppStore|iPhoneSimulator
		{8B8771BF-797B-4284-8144-25760438BEE1}.AppStore|iPhoneSimulator.Build.0 = AppStore|iPhoneSimulator
		{8B8771BF-797B-4284-8144-25760438BEE1}.AppStore|x64.ActiveCfg = AppStore|iPhone
		{8B8771BF-797B-4284-8144-25760438BEE1}.AppStore|x86.ActiveCfg = AppStore|iPhone
		{8B8771BF-797B-4284-8144-25760438BEE1}.Debug|Any CPU.ActiveCfg = Debug|iPhone
		{8B8771BF-797B-4284-8144-25760438BEE1}.Debug|ARM.ActiveCfg = Debug|iPhone
		{8B8771BF-797B-4284-8144-25760438BEE1}.Debug|iPhone.ActiveCfg = Debug|iPhone
		{8B8771BF-797B-4284-8144-25760438BEE1}.Debug|iPhone.Build.0 = Debug|iPhone
		{8B8771BF-797B-4284-8144-25760438BEE1}.Debug|iPhoneSimulator.ActiveCfg = Debug|iPhoneSimulator
		{8B8771BF-797B-4284-8144-25760438BEE1}.Debug|iPhoneSimulator.Build.0 = Debug|iPhoneSimulator
		{8B8771BF-797B-4284-8144-25760438BEE1}.Debug|x64.ActiveCfg = Debug|iPhone
		{8B8771BF-797B-4284-8144-25760438BEE1}.Debug|x86.ActiveCfg = Debug|iPhone
		{8B8771BF-797B-4284-8144-25760438BEE1}.Release|Any CPU.ActiveCfg = Release|iPhone
		{8B8771BF-797B-4284-8144-25760438BEE1}.Release|ARM.ActiveCfg = Release|iPhone
		{8B8771BF-797B-4284-8144-25760438BEE1}.Release|iPhone.ActiveCfg = Release|iPhone
		{8B8771BF-797B-4284-8144-25760438BEE1}.Release|iPhone.Build.0 = Release|iPhone
		{8B8771BF-797B-4284-8144-25760438BEE1}.Release|iPhoneSimulator.ActiveCfg = Release|iPhoneSimulator
		{8B8771BF-797B-4284-8144-25760438BEE1}.Release|iPhoneSimulator.Build.0 = Release|iPhoneSimulator
		{8B8771BF-797B-4284-8144-25760438BEE1}.Release|x64.ActiveCfg = Release|iPhone
		{8B8771BF-797B-4284-8144-25760438BEE1}.Release|x86.ActiveCfg = Release|iPhone
		{00C440D3-4CE1-4D01-8763-F4EA3AE1E399}.Ad-Hoc|Any CPU.ActiveCfg = Release|Any CPU
		{00C440D3-4CE1-4D01-8763-F4EA3AE1E399}.Ad-Hoc|Any CPU.Build.0 = Release|Any CPU
		{00C440D3-4CE1-4D01-8763-F4EA3AE1E399}.Ad-Hoc|Any CPU.Deploy.0 = Release|Any CPU
		{00C440D3-4CE1-4D01-8763-F4EA3AE1E399}.Ad-Hoc|ARM.ActiveCfg = Release|ARM
		{00C440D3-4CE1-4D01-8763-F4EA3AE1E399}.Ad-Hoc|ARM.Build.0 = Release|ARM
		{00C440D3-4CE1-4D01-8763-F4EA3AE1E399}.Ad-Hoc|ARM.Deploy.0 = Release|ARM
		{00C440D3-4CE1-4D01-8763-F4EA3AE1E399}.Ad-Hoc|iPhone.ActiveCfg = Release|Any CPU
		{00C440D3-4CE1-4D01-8763-F4EA3AE1E399}.Ad-Hoc|iPhone.Build.0 = Release|Any CPU
		{00C440D3-4CE1-4D01-8763-F4EA3AE1E399}.Ad-Hoc|iPhone.Deploy.0 = Release|Any CPU
		{00C440D3-4CE1-4D01-8763-F4EA3AE1E399}.Ad-Hoc|iPhoneSimulator.ActiveCfg = Release|Any CPU
		{00C440D3-4CE1-4D01-8763-F4EA3AE1E399}.Ad-Hoc|iPhoneSimulator.Build.0 = Release|Any CPU
		{00C440D3-4CE1-4D01-8763-F4EA3AE1E399}.Ad-Hoc|iPhoneSimulator.Deploy.0 = Release|Any CPU
		{00C440D3-4CE1-4D01-8763-F4EA3AE1E399}.Ad-Hoc|x64.ActiveCfg = Release|Any CPU
		{00C440D3-4CE1-4D01-8763-F4EA3AE1E399}.Ad-Hoc|x64.Build.0 = Release|Any CPU
		{00C440D3-4CE1-4D01-8763-F4EA3AE1E399}.Ad-Hoc|x64.Deploy.0 = Release|Any CPU
		{00C440D3-4CE1-4D01-8763-F4EA3AE1E399}.Ad-Hoc|x86.ActiveCfg = Release|x86
		{00C440D3-4CE1-4D01-8763-F4EA3AE1E399}.Ad-Hoc|x86.Build.0 = Release|x86
		{00C440D3-4CE1-4D01-8763-F4EA3AE1E399}.Ad-Hoc|x86.Deploy.0 = Release|x86
		{00C440D3-4CE1-4D01-8763-F4EA3AE1E399}.AppStore|Any CPU.ActiveCfg = Release|Any CPU
		{00C440D3-4CE1-4D01-8763-F4EA3AE1E399}.AppStore|Any CPU.Build.0 = Release|Any CPU
		{00C440D3-4CE1-4D01-8763-F4EA3AE1E399}.AppStore|Any CPU.Deploy.0 = Release|Any CPU
		{00C440D3-4CE1-4D01-8763-F4EA3AE1E399}.AppStore|ARM.ActiveCfg = Release|ARM
		{00C440D3-4CE1-4D01-8763-F4EA3AE1E399}.AppStore|ARM.Build.0 = Release|ARM
		{00C440D3-4CE1-4D01-8763-F4EA3AE1E399}.AppStore|ARM.Deploy.0 = Release|ARM
		{00C440D3-4CE1-4D01-8763-F4EA3AE1E399}.AppStore|iPhone.ActiveCfg = Release|Any CPU
		{00C440D3-4CE1-4D01-8763-F4EA3AE1E399}.AppStore|iPhone.Build.0 = Release|Any CPU
		{00C440D3-4CE1-4D01-8763-F4EA3AE1E399}.AppStore|iPhone.Deploy.0 = Release|Any CPU
		{00C440D3-4CE1-4D01-8763-F4EA3AE1E399}.AppStore|iPhoneSimulator.ActiveCfg = Release|Any CPU
		{00C440D3-4CE1-4D01-8763-F4EA3AE1E399}.AppStore|iPhoneSimulator.Build.0 = Release|Any CPU
		{00C440D3-4CE1-4D01-8763-F4EA3AE1E399}.AppStore|iPhoneSimulator.Deploy.0 = Release|Any CPU
		{00C440D3-4CE1-4D01-8763-F4EA3AE1E399}.AppStore|x64.ActiveCfg = Release|Any CPU
		{00C440D3-4CE1-4D01-8763-F4EA3AE1E399}.AppStore|x64.Build.0 = Release|Any CPU
		{00C440D3-4CE1-4D01-8763-F4EA3AE1E399}.AppStore|x64.Deploy.0 = Release|Any CPU
		{00C440D3-4CE1-4D01-8763-F4EA3AE1E399}.AppStore|x86.ActiveCfg = Release|x86
		{00C440D3-4CE1-4D01-8763-F4EA3AE1E399}.AppStore|x86.Build.0 = Release|x86
		{00C440D3-4CE1-4D01-8763-F4EA3AE1E399}.AppStore|x86.Deploy.0 = Release|x86
		{00C440D3-4CE1-4D01-8763-F4EA3AE1E399}.Debug|Any CPU.ActiveCfg = Debug|Any CPU
		{00C440D3-4CE1-4D01-8763-F4EA3AE1E399}.Debug|Any CPU.Build.0 = Debug|Any CPU
		{00C440D3-4CE1-4D01-8763-F4EA3AE1E399}.Debug|Any CPU.Deploy.0 = Debug|Any CPU
		{00C440D3-4CE1-4D01-8763-F4EA3AE1E399}.Debug|ARM.ActiveCfg = Debug|ARM
		{00C440D3-4CE1-4D01-8763-F4EA3AE1E399}.Debug|ARM.Build.0 = Debug|ARM
		{00C440D3-4CE1-4D01-8763-F4EA3AE1E399}.Debug|ARM.Deploy.0 = Debug|ARM
		{00C440D3-4CE1-4D01-8763-F4EA3AE1E399}.Debug|iPhone.ActiveCfg = Debug|Any CPU
		{00C440D3-4CE1-4D01-8763-F4EA3AE1E399}.Debug|iPhone.Build.0 = Debug|Any CPU
		{00C440D3-4CE1-4D01-8763-F4EA3AE1E399}.Debug|iPhone.Deploy.0 = Debug|Any CPU
		{00C440D3-4CE1-4D01-8763-F4EA3AE1E399}.Debug|iPhoneSimulator.ActiveCfg = Debug|Any CPU
		{00C440D3-4CE1-4D01-8763-F4EA3AE1E399}.Debug|iPhoneSimulator.Build.0 = Debug|Any CPU
		{00C440D3-4CE1-4D01-8763-F4EA3AE1E399}.Debug|iPhoneSimulator.Deploy.0 = Debug|Any CPU
		{00C440D3-4CE1-4D01-8763-F4EA3AE1E399}.Debug|x64.ActiveCfg = Debug|Any CPU
		{00C440D3-4CE1-4D01-8763-F4EA3AE1E399}.Debug|x64.Build.0 = Debug|Any CPU
		{00C440D3-4CE1-4D01-8763-F4EA3AE1E399}.Debug|x64.Deploy.0 = Debug|Any CPU
		{00C440D3-4CE1-4D01-8763-F4EA3AE1E399}.Debug|x86.ActiveCfg = Debug|x86
		{00C440D3-4CE1-4D01-8763-F4EA3AE1E399}.Debug|x86.Build.0 = Debug|x86
		{00C440D3-4CE1-4D01-8763-F4EA3AE1E399}.Debug|x86.Deploy.0 = Debug|x86
		{00C440D3-4CE1-4D01-8763-F4EA3AE1E399}.Release|Any CPU.ActiveCfg = Release|Any CPU
		{00C440D3-4CE1-4D01-8763-F4EA3AE1E399}.Release|Any CPU.Build.0 = Release|Any CPU
		{00C440D3-4CE1-4D01-8763-F4EA3AE1E399}.Release|Any CPU.Deploy.0 = Release|Any CPU
		{00C440D3-4CE1-4D01-8763-F4EA3AE1E399}.Release|ARM.ActiveCfg = Release|ARM
		{00C440D3-4CE1-4D01-8763-F4EA3AE1E399}.Release|ARM.Build.0 = Release|ARM
		{00C440D3-4CE1-4D01-8763-F4EA3AE1E399}.Release|ARM.Deploy.0 = Release|ARM
		{00C440D3-4CE1-4D01-8763-F4EA3AE1E399}.Release|iPhone.ActiveCfg = Release|Any CPU
		{00C440D3-4CE1-4D01-8763-F4EA3AE1E399}.Release|iPhone.Build.0 = Release|Any CPU
		{00C440D3-4CE1-4D01-8763-F4EA3AE1E399}.Release|iPhone.Deploy.0 = Release|Any CPU
		{00C440D3-4CE1-4D01-8763-F4EA3AE1E399}.Release|iPhoneSimulator.ActiveCfg = Release|Any CPU
		{00C440D3-4CE1-4D01-8763-F4EA3AE1E399}.Release|iPhoneSimulator.Build.0 = Release|Any CPU
		{00C440D3-4CE1-4D01-8763-F4EA3AE1E399}.Release|iPhoneSimulator.Deploy.0 = Release|Any CPU
		{00C440D3-4CE1-4D01-8763-F4EA3AE1E399}.Release|x64.ActiveCfg = Release|Any CPU
		{00C440D3-4CE1-4D01-8763-F4EA3AE1E399}.Release|x64.Build.0 = Release|Any CPU
		{00C440D3-4CE1-4D01-8763-F4EA3AE1E399}.Release|x64.Deploy.0 = Release|Any CPU
		{00C440D3-4CE1-4D01-8763-F4EA3AE1E399}.Release|x86.ActiveCfg = Release|x86
		{00C440D3-4CE1-4D01-8763-F4EA3AE1E399}.Release|x86.Build.0 = Release|x86
		{00C440D3-4CE1-4D01-8763-F4EA3AE1E399}.Release|x86.Deploy.0 = Release|x86
		{E73B2682-B663-4E28-A8D9-627AB0487602}.Ad-Hoc|Any CPU.ActiveCfg = Release|x86
		{E73B2682-B663-4E28-A8D9-627AB0487602}.Ad-Hoc|Any CPU.Build.0 = Release|x86
		{E73B2682-B663-4E28-A8D9-627AB0487602}.Ad-Hoc|Any CPU.Deploy.0 = Release|x86
		{E73B2682-B663-4E28-A8D9-627AB0487602}.Ad-Hoc|ARM.ActiveCfg = Release|ARM
		{E73B2682-B663-4E28-A8D9-627AB0487602}.Ad-Hoc|ARM.Build.0 = Release|ARM
		{E73B2682-B663-4E28-A8D9-627AB0487602}.Ad-Hoc|ARM.Deploy.0 = Release|ARM
		{E73B2682-B663-4E28-A8D9-627AB0487602}.Ad-Hoc|iPhone.ActiveCfg = Release|x86
		{E73B2682-B663-4E28-A8D9-627AB0487602}.Ad-Hoc|iPhone.Build.0 = Release|x86
		{E73B2682-B663-4E28-A8D9-627AB0487602}.Ad-Hoc|iPhone.Deploy.0 = Release|x86
		{E73B2682-B663-4E28-A8D9-627AB0487602}.Ad-Hoc|iPhoneSimulator.ActiveCfg = Release|x86
		{E73B2682-B663-4E28-A8D9-627AB0487602}.Ad-Hoc|iPhoneSimulator.Build.0 = Release|x86
		{E73B2682-B663-4E28-A8D9-627AB0487602}.Ad-Hoc|iPhoneSimulator.Deploy.0 = Release|x86
		{E73B2682-B663-4E28-A8D9-627AB0487602}.Ad-Hoc|x64.ActiveCfg = Release|x64
		{E73B2682-B663-4E28-A8D9-627AB0487602}.Ad-Hoc|x64.Build.0 = Release|x64
		{E73B2682-B663-4E28-A8D9-627AB0487602}.Ad-Hoc|x64.Deploy.0 = Release|x64
		{E73B2682-B663-4E28-A8D9-627AB0487602}.Ad-Hoc|x86.ActiveCfg = Release|x86
		{E73B2682-B663-4E28-A8D9-627AB0487602}.Ad-Hoc|x86.Build.0 = Release|x86
		{E73B2682-B663-4E28-A8D9-627AB0487602}.Ad-Hoc|x86.Deploy.0 = Release|x86
		{E73B2682-B663-4E28-A8D9-627AB0487602}.AppStore|Any CPU.ActiveCfg = Release|x86
		{E73B2682-B663-4E28-A8D9-627AB0487602}.AppStore|Any CPU.Build.0 = Release|x86
		{E73B2682-B663-4E28-A8D9-627AB0487602}.AppStore|Any CPU.Deploy.0 = Release|x86
		{E73B2682-B663-4E28-A8D9-627AB0487602}.AppStore|ARM.ActiveCfg = Release|ARM
		{E73B2682-B663-4E28-A8D9-627AB0487602}.AppStore|ARM.Build.0 = Release|ARM
		{E73B2682-B663-4E28-A8D9-627AB0487602}.AppStore|ARM.Deploy.0 = Release|ARM
		{E73B2682-B663-4E28-A8D9-627AB0487602}.AppStore|iPhone.ActiveCfg = Release|x86
		{E73B2682-B663-4E28-A8D9-627AB0487602}.AppStore|iPhone.Build.0 = Release|x86
		{E73B2682-B663-4E28-A8D9-627AB0487602}.AppStore|iPhone.Deploy.0 = Release|x86
		{E73B2682-B663-4E28-A8D9-627AB0487602}.AppStore|iPhoneSimulator.ActiveCfg = Release|x86
		{E73B2682-B663-4E28-A8D9-627AB0487602}.AppStore|iPhoneSimulator.Build.0 = Release|x86
		{E73B2682-B663-4E28-A8D9-627AB0487602}.AppStore|iPhoneSimulator.Deploy.0 = Release|x86
		{E73B2682-B663-4E28-A8D9-627AB0487602}.AppStore|x64.ActiveCfg = Release|x64
		{E73B2682-B663-4E28-A8D9-627AB0487602}.AppStore|x64.Build.0 = Release|x64
		{E73B2682-B663-4E28-A8D9-627AB0487602}.AppStore|x64.Deploy.0 = Release|x64
		{E73B2682-B663-4E28-A8D9-627AB0487602}.AppStore|x86.ActiveCfg = Release|x86
		{E73B2682-B663-4E28-A8D9-627AB0487602}.AppStore|x86.Build.0 = Release|x86
		{E73B2682-B663-4E28-A8D9-627AB0487602}.AppStore|x86.Deploy.0 = Release|x86
		{E73B2682-B663-4E28-A8D9-627AB0487602}.Debug|Any CPU.ActiveCfg = Debug|x86
		{E73B2682-B663-4E28-A8D9-627AB0487602}.Debug|ARM.ActiveCfg = Debug|ARM
		{E73B2682-B663-4E28-A8D9-627AB0487602}.Debug|ARM.Build.0 = Debug|ARM
		{E73B2682-B663-4E28-A8D9-627AB0487602}.Debug|ARM.Deploy.0 = Debug|ARM
		{E73B2682-B663-4E28-A8D9-627AB0487602}.Debug|iPhone.ActiveCfg = Debug|x86
		{E73B2682-B663-4E28-A8D9-627AB0487602}.Debug|iPhoneSimulator.ActiveCfg = Debug|x86
		{E73B2682-B663-4E28-A8D9-627AB0487602}.Debug|x64.ActiveCfg = Debug|x64
		{E73B2682-B663-4E28-A8D9-627AB0487602}.Debug|x64.Build.0 = Debug|x64
		{E73B2682-B663-4E28-A8D9-627AB0487602}.Debug|x64.Deploy.0 = Debug|x64
		{E73B2682-B663-4E28-A8D9-627AB0487602}.Debug|x86.ActiveCfg = Debug|x86
		{E73B2682-B663-4E28-A8D9-627AB0487602}.Debug|x86.Build.0 = Debug|x86
		{E73B2682-B663-4E28-A8D9-627AB0487602}.Debug|x86.Deploy.0 = Debug|x86
		{E73B2682-B663-4E28-A8D9-627AB0487602}.Release|Any CPU.ActiveCfg = Release|x86
		{E73B2682-B663-4E28-A8D9-627AB0487602}.Release|ARM.ActiveCfg = Release|ARM
		{E73B2682-B663-4E28-A8D9-627AB0487602}.Release|ARM.Build.0 = Release|ARM
		{E73B2682-B663-4E28-A8D9-627AB0487602}.Release|ARM.Deploy.0 = Release|ARM
		{E73B2682-B663-4E28-A8D9-627AB0487602}.Release|iPhone.ActiveCfg = Release|x86
		{E73B2682-B663-4E28-A8D9-627AB0487602}.Release|iPhoneSimulator.ActiveCfg = Release|x86
		{E73B2682-B663-4E28-A8D9-627AB0487602}.Release|x64.ActiveCfg = Release|x64
		{E73B2682-B663-4E28-A8D9-627AB0487602}.Release|x64.Build.0 = Release|x64
		{E73B2682-B663-4E28-A8D9-627AB0487602}.Release|x64.Deploy.0 = Release|x64
		{E73B2682-B663-4E28-A8D9-627AB0487602}.Release|x86.ActiveCfg = Release|x86
		{E73B2682-B663-4E28-A8D9-627AB0487602}.Release|x86.Build.0 = Release|x86
		{E73B2682-B663-4E28-A8D9-627AB0487602}.Release|x86.Deploy.0 = Release|x86
		{B19DFA07-724C-4E15-8680-ECC54B2786A1}.Ad-Hoc|Any CPU.ActiveCfg = Release|Any CPU
		{B19DFA07-724C-4E15-8680-ECC54B2786A1}.Ad-Hoc|Any CPU.Build.0 = Release|Any CPU
		{B19DFA07-724C-4E15-8680-ECC54B2786A1}.Ad-Hoc|Any CPU.Deploy.0 = Release|Any CPU
		{B19DFA07-724C-4E15-8680-ECC54B2786A1}.Ad-Hoc|ARM.ActiveCfg = Release|ARM
		{B19DFA07-724C-4E15-8680-ECC54B2786A1}.Ad-Hoc|ARM.Build.0 = Release|ARM
		{B19DFA07-724C-4E15-8680-ECC54B2786A1}.Ad-Hoc|ARM.Deploy.0 = Release|ARM
		{B19DFA07-724C-4E15-8680-ECC54B2786A1}.Ad-Hoc|iPhone.ActiveCfg = Release|Any CPU
		{B19DFA07-724C-4E15-8680-ECC54B2786A1}.Ad-Hoc|iPhone.Build.0 = Release|Any CPU
		{B19DFA07-724C-4E15-8680-ECC54B2786A1}.Ad-Hoc|iPhone.Deploy.0 = Release|Any CPU
		{B19DFA07-724C-4E15-8680-ECC54B2786A1}.Ad-Hoc|iPhoneSimulator.ActiveCfg = Release|Any CPU
		{B19DFA07-724C-4E15-8680-ECC54B2786A1}.Ad-Hoc|iPhoneSimulator.Build.0 = Release|Any CPU
		{B19DFA07-724C-4E15-8680-ECC54B2786A1}.Ad-Hoc|iPhoneSimulator.Deploy.0 = Release|Any CPU
		{B19DFA07-724C-4E15-8680-ECC54B2786A1}.Ad-Hoc|x64.ActiveCfg = Release|x64
		{B19DFA07-724C-4E15-8680-ECC54B2786A1}.Ad-Hoc|x64.Build.0 = Release|x64
		{B19DFA07-724C-4E15-8680-ECC54B2786A1}.Ad-Hoc|x64.Deploy.0 = Release|x64
		{B19DFA07-724C-4E15-8680-ECC54B2786A1}.Ad-Hoc|x86.ActiveCfg = Release|x86
		{B19DFA07-724C-4E15-8680-ECC54B2786A1}.Ad-Hoc|x86.Build.0 = Release|x86
		{B19DFA07-724C-4E15-8680-ECC54B2786A1}.Ad-Hoc|x86.Deploy.0 = Release|x86
		{B19DFA07-724C-4E15-8680-ECC54B2786A1}.AppStore|Any CPU.ActiveCfg = Release|Any CPU
		{B19DFA07-724C-4E15-8680-ECC54B2786A1}.AppStore|Any CPU.Build.0 = Release|Any CPU
		{B19DFA07-724C-4E15-8680-ECC54B2786A1}.AppStore|Any CPU.Deploy.0 = Release|Any CPU
		{B19DFA07-724C-4E15-8680-ECC54B2786A1}.AppStore|ARM.ActiveCfg = Release|ARM
		{B19DFA07-724C-4E15-8680-ECC54B2786A1}.AppStore|ARM.Build.0 = Release|ARM
		{B19DFA07-724C-4E15-8680-ECC54B2786A1}.AppStore|ARM.Deploy.0 = Release|ARM
		{B19DFA07-724C-4E15-8680-ECC54B2786A1}.AppStore|iPhone.ActiveCfg = Release|Any CPU
		{B19DFA07-724C-4E15-8680-ECC54B2786A1}.AppStore|iPhone.Build.0 = Release|Any CPU
		{B19DFA07-724C-4E15-8680-ECC54B2786A1}.AppStore|iPhone.Deploy.0 = Release|Any CPU
		{B19DFA07-724C-4E15-8680-ECC54B2786A1}.AppStore|iPhoneSimulator.ActiveCfg = Release|Any CPU
		{B19DFA07-724C-4E15-8680-ECC54B2786A1}.AppStore|iPhoneSimulator.Build.0 = Release|Any CPU
		{B19DFA07-724C-4E15-8680-ECC54B2786A1}.AppStore|iPhoneSimulator.Deploy.0 = Release|Any CPU
		{B19DFA07-724C-4E15-8680-ECC54B2786A1}.AppStore|x64.ActiveCfg = Release|x64
		{B19DFA07-724C-4E15-8680-ECC54B2786A1}.AppStore|x64.Build.0 = Release|x64
		{B19DFA07-724C-4E15-8680-ECC54B2786A1}.AppStore|x64.Deploy.0 = Release|x64
		{B19DFA07-724C-4E15-8680-ECC54B2786A1}.AppStore|x86.ActiveCfg = Release|x86
		{B19DFA07-724C-4E15-8680-ECC54B2786A1}.AppStore|x86.Build.0 = Release|x86
		{B19DFA07-724C-4E15-8680-ECC54B2786A1}.AppStore|x86.Deploy.0 = Release|x86
		{B19DFA07-724C-4E15-8680-ECC54B2786A1}.Debug|Any CPU.ActiveCfg = Debug|Any CPU
		{B19DFA07-724C-4E15-8680-ECC54B2786A1}.Debug|Any CPU.Build.0 = Debug|Any CPU
		{B19DFA07-724C-4E15-8680-ECC54B2786A1}.Debug|Any CPU.Deploy.0 = Debug|Any CPU
		{B19DFA07-724C-4E15-8680-ECC54B2786A1}.Debug|ARM.ActiveCfg = Debug|ARM
		{B19DFA07-724C-4E15-8680-ECC54B2786A1}.Debug|ARM.Build.0 = Debug|ARM
		{B19DFA07-724C-4E15-8680-ECC54B2786A1}.Debug|ARM.Deploy.0 = Debug|ARM
		{B19DFA07-724C-4E15-8680-ECC54B2786A1}.Debug|iPhone.ActiveCfg = Debug|Any CPU
		{B19DFA07-724C-4E15-8680-ECC54B2786A1}.Debug|iPhone.Build.0 = Debug|Any CPU
		{B19DFA07-724C-4E15-8680-ECC54B2786A1}.Debug|iPhone.Deploy.0 = Debug|Any CPU
		{B19DFA07-724C-4E15-8680-ECC54B2786A1}.Debug|iPhoneSimulator.ActiveCfg = Debug|Any CPU
		{B19DFA07-724C-4E15-8680-ECC54B2786A1}.Debug|iPhoneSimulator.Build.0 = Debug|Any CPU
		{B19DFA07-724C-4E15-8680-ECC54B2786A1}.Debug|iPhoneSimulator.Deploy.0 = Debug|Any CPU
		{B19DFA07-724C-4E15-8680-ECC54B2786A1}.Debug|x64.ActiveCfg = Debug|x64
		{B19DFA07-724C-4E15-8680-ECC54B2786A1}.Debug|x64.Build.0 = Debug|x64
		{B19DFA07-724C-4E15-8680-ECC54B2786A1}.Debug|x64.Deploy.0 = Debug|x64
		{B19DFA07-724C-4E15-8680-ECC54B2786A1}.Debug|x86.ActiveCfg = Debug|x86
		{B19DFA07-724C-4E15-8680-ECC54B2786A1}.Debug|x86.Build.0 = Debug|x86
		{B19DFA07-724C-4E15-8680-ECC54B2786A1}.Debug|x86.Deploy.0 = Debug|x86
		{B19DFA07-724C-4E15-8680-ECC54B2786A1}.Release|Any CPU.ActiveCfg = Release|Any CPU
		{B19DFA07-724C-4E15-8680-ECC54B2786A1}.Release|Any CPU.Build.0 = Release|Any CPU
		{B19DFA07-724C-4E15-8680-ECC54B2786A1}.Release|Any CPU.Deploy.0 = Release|Any CPU
		{B19DFA07-724C-4E15-8680-ECC54B2786A1}.Release|ARM.ActiveCfg = Release|ARM
		{B19DFA07-724C-4E15-8680-ECC54B2786A1}.Release|ARM.Build.0 = Release|ARM
		{B19DFA07-724C-4E15-8680-ECC54B2786A1}.Release|ARM.Deploy.0 = Release|ARM
		{B19DFA07-724C-4E15-8680-ECC54B2786A1}.Release|iPhone.ActiveCfg = Release|Any CPU
		{B19DFA07-724C-4E15-8680-ECC54B2786A1}.Release|iPhone.Build.0 = Release|Any CPU
		{B19DFA07-724C-4E15-8680-ECC54B2786A1}.Release|iPhone.Deploy.0 = Release|Any CPU
		{B19DFA07-724C-4E15-8680-ECC54B2786A1}.Release|iPhoneSimulator.ActiveCfg = Release|Any CPU
		{B19DFA07-724C-4E15-8680-ECC54B2786A1}.Release|iPhoneSimulator.Build.0 = Release|Any CPU
		{B19DFA07-724C-4E15-8680-ECC54B2786A1}.Release|iPhoneSimulator.Deploy.0 = Release|Any CPU
		{B19DFA07-724C-4E15-8680-ECC54B2786A1}.Release|x64.ActiveCfg = Release|x64
		{B19DFA07-724C-4E15-8680-ECC54B2786A1}.Release|x64.Build.0 = Release|x64
		{B19DFA07-724C-4E15-8680-ECC54B2786A1}.Release|x64.Deploy.0 = Release|x64
		{B19DFA07-724C-4E15-8680-ECC54B2786A1}.Release|x86.ActiveCfg = Release|x86
		{B19DFA07-724C-4E15-8680-ECC54B2786A1}.Release|x86.Build.0 = Release|x86
		{B19DFA07-724C-4E15-8680-ECC54B2786A1}.Release|x86.Deploy.0 = Release|x86
	EndGlobalSection
	GlobalSection(SolutionProperties) = preSolution
		HideSolutionNode = FALSE
	EndGlobalSection
EndGlobal
